
Microsoft Visual Studio Solution File, Format Version 12.00
# Visual Studio Version 17
VisualStudioVersion = 17.13.35931.197
MinimumVisualStudioVersion = 10.0.40219.1
Project("{FAE04EC0-301F-11D3-BF4B-00C04F79EFBC}") = "OICAR", "OICAR\OICAR.csproj", "{66AD5F19-8DD9-4149-A288-EBF1671A18D8}"
EndProject
Project("{FAE04EC0-301F-11D3-BF4B-00C04F79EFBC}") = "OICAR-WebApp", "OICAR-WebApp\OICAR-WebApp.csproj", "{430344E3-9B4D-4045-BB62-F9AE9B45BDFE}"
EndProject
Global
	GlobalSection(SolutionConfigurationPlatforms) = preSolution
		Debug|Any CPU = Debug|Any CPU
		Release|Any CPU = Release|Any CPU
	EndGlobalSection
	GlobalSection(ProjectConfigurationPlatforms) = postSolution
		{66AD5F19-8DD9-4149-A288-EBF1671A18D8}.Debug|Any CPU.ActiveCfg = Debug|Any CPU
		{66AD5F19-8DD9-4149-A288-EBF1671A18D8}.Debug|Any CPU.Build.0 = Debug|Any CPU
		{66AD5F19-8DD9-4149-A288-EBF1671A18D8}.Release|Any CPU.ActiveCfg = Release|Any CPU
		{66AD5F19-8DD9-4149-A288-EBF1671A18D8}.Release|Any CPU.Build.0 = Release|Any CPU
		{430344E3-9B4D-4045-BB62-F9AE9B45BDFE}.Debug|Any CPU.ActiveCfg = Debug|Any CPU
		{430344E3-9B4D-4045-BB62-F9AE9B45BDFE}.Debug|Any CPU.Build.0 = Debug|Any CPU
		{430344E3-9B4D-4045-BB62-F9AE9B45BDFE}.Release|Any CPU.ActiveCfg = Release|Any CPU
		{430344E3-9B4D-4045-BB62-F9AE9B45BDFE}.Release|Any CPU.Build.0 = Release|Any CPU
	EndGlobalSection
	GlobalSection(SolutionProperties) = preSolution
		HideSolutionNode = FALSE
	EndGlobalSection
	GlobalSection(ExtensibilityGlobals) = postSolution
		SolutionGuid = {9DFF0258-7588-4848-83CA-6178DB5A0CA0}
	EndGlobalSection
EndGlobal
