
Microsoft Visual Studio Solution File, Format Version 12.00
# Visual Studio Version 17
VisualStudioVersion = 17.13.35828.75 d17.13
MinimumVisualStudioVersion = 10.0.40219.1
Project("{FAE04EC0-301F-11D3-BF4B-00C04F79EFBC}") = "SnjofkaloAPI", "SnjofkaloAPI\SnjofkaloAPI.csproj", "{E659A0AD-1DE6-4E3B-8C41-47FA99B94105}"
EndProject
Global
	GlobalSection(SolutionConfigurationPlatforms) = preSolution
		Debug|Any CPU = Debug|Any CPU
		Release|Any CPU = Release|Any CPU
	EndGlobalSection
	GlobalSection(ProjectConfigurationPlatforms) = postSolution
		{E659A0AD-1DE6-4E3B-8C41-47FA99B94105}.Debug|Any CPU.ActiveCfg = Debug|Any CPU
		{E659A0AD-1DE6-4E3B-8C41-47FA99B94105}.Debug|Any CPU.Build.0 = Debug|Any CPU
		{E659A0AD-1DE6-4E3B-8C41-47FA99B94105}.Release|Any CPU.ActiveCfg = Release|Any CPU
		{E659A0AD-1DE6-4E3B-8C41-47FA99B94105}.Release|Any CPU.Build.0 = Release|Any CPU
	EndGlobalSection
	GlobalSection(SolutionProperties) = preSolution
		HideSolutionNode = FALSE
	EndGlobalSection
	GlobalSection(ExtensibilityGlobals) = postSolution
		SolutionGuid = {85DA6B71-94BD-4576-8F1C-6496B094ABA8}
	EndGlobalSection
EndGlobal
